// !$*UTF8*$!
{
	archiveVersion = 1;
	classes = {};
	objectVersion = 56;
	objects = {
		95E6AF10BC678B2C9B0AC1B9 /* BBE0885BA17B68F138F2648E */ = {isa = PBXBuildFile; fileRef = BBE0885BA17B68F138F2648E; };
		921D8EBB10FD4F5ED4D11203 /* 4B5A14B3E1C41323649B1211 */ = {isa = PBXBuildFile; fileRef = 4B5A14B3E1C41323649B1211; };
		5736F4E0AE14AA9B11F0F06B /* B818985A121310E045C1B704 */ = {isa = PBXBuildFile; fileRef = B818985A121310E045C1B704; };
		3461F225B6FB21B0BA8051B6 /* 9FD03A7D1EFD45BCEAAC4997 */ = {isa = PBXBuildFile; fileRef = 9FD03A7D1EFD45BCEAAC4997; };
		4299BF0D2824A42A2EED1F9D /* D9F09B5B07BFF4C4DF136686 */ = {isa = PBXBuildFile; fileRef = D9F09B5B07BFF4C4DF136686; };
		8F8348CC8C19494441625DA4 /* CC6EB03BC552F543820AD087 */ = {isa = PBXBuildFile; fileRef = CC6EB03BC552F543820AD087; };
		452BFCD3247E79330C6D0E88 /* 2C4E6A9615CA7BEA1DFAA9A6 */ = {isa = PBXBuildFile; fileRef = 2C4E6A9615CA7BEA1DFAA9A6; };
		D249B8E8D23BF9C65AD67086 /* ECB0805BA7ABB0AAB31E33C4 */ = {isa = PBXBuildFile; fileRef = ECB0805BA7ABB0AAB31E33C4; };
		3E1109DAA4A8A6E3413E24CB /* B3E07238EA1A4FB61589CFB1 */ = {isa = PBXBuildFile; fileRef = B3E07238EA1A4FB61589CFB1; };
		2C00D4F043E6CD02478F872C /* 3D3248A337EF029D9E647627 */ = {isa = PBXBuildFile; fileRef = 3D3248A337EF029D9E647627; };
		F0116015AC60901CEB1B7A48 /* A71722E1131260C2E211970A */ = {isa = PBXBuildFile; fileRef = A71722E1131260C2E211970A; };
		7601F41E07C53712E6698400 /* 51DD98FFDB0C73B2B9D4B030 */ = {isa = PBXBuildFile; fileRef = 51DD98FFDB0C73B2B9D4B030; };
		7EDFF07F6AB72F2304582F37 /* 63DD58322BDBE0A4EBAA30DF */ = {isa = PBXBuildFile; fileRef = 63DD58322BDBE0A4EBAA30DF; };

		BBE0885BA17B68F138F2648E /* App.swift */ = {isa = PBXFileReference; lastKnownFileType = sourcecode.swift; path = "App.swift"; sourceTree = "<group>"; };
		4B5A14B3E1C41323649B1211 /* ContentView.swift */ = {isa = PBXFileReference; lastKnownFileType = sourcecode.swift; path = "ContentView.swift"; sourceTree = "<group>"; };
		63DD58322BDBE0A4EBAA30DF /* Info.plist */ = {isa = PBXFileReference; lastKnownFileType = text.plist.xml; path = "Info.plist"; sourceTree = "<group>"; };
		B818985A121310E045C1B704 /* ChatModels.swift */ = {isa = PBXFileReference; lastKnownFileType = sourcecode.swift; path = "ChatModels.swift"; sourceTree = "<group>"; };
		9FD03A7D1EFD45BCEAAC4997 /* APIService.swift */ = {isa = PBXFileReference; lastKnownFileType = sourcecode.swift; path = "APIService.swift"; sourceTree = "<group>"; };
		D9F09B5B07BFF4C4DF136686 /* StorageService.swift */ = {isa = PBXFileReference; lastKnownFileType = sourcecode.swift; path = "StorageService.swift"; sourceTree = "<group>"; };
		CC6EB03BC552F543820AD087 /* ChatViewModel.swift */ = {isa = PBXFileReference; lastKnownFileType = sourcecode.swift; path = "ChatViewModel.swift"; sourceTree = "<group>"; };
		2C4E6A9615CA7BEA1DFAA9A6 /* ChatBubbleView.swift */ = {isa = PBXFileReference; lastKnownFileType = sourcecode.swift; path = "ChatBubbleView.swift"; sourceTree = "<group>"; };
		ECB0805BA7ABB0AAB31E33C4 /* ChatView.swift */ = {isa = PBXFileReference; lastKnownFileType = sourcecode.swift; path = "ChatView.swift"; sourceTree = "<group>"; };
		B3E07238EA1A4FB61589CFB1 /* ConversationListView.swift */ = {isa = PBXFileReference; lastKnownFileType = sourcecode.swift; path = "ConversationListView.swift"; sourceTree = "<group>"; };
		3D3248A337EF029D9E647627 /* MessageInputView.swift */ = {isa = PBXFileReference; lastKnownFileType = sourcecode.swift; path = "MessageInputView.swift"; sourceTree = "<group>"; };
		A71722E1131260C2E211970A /* SettingsView.swift */ = {isa = PBXFileReference; lastKnownFileType = sourcecode.swift; path = "SettingsView.swift"; sourceTree = "<group>"; };
		51DD98FFDB0C73B2B9D4B030 /* WelcomeView.swift */ = {isa = PBXFileReference; lastKnownFileType = sourcecode.swift; path = "WelcomeView.swift"; sourceTree = "<group>"; };
		F5BF48AA40CAD7891EB709FC /* FyntrixAI.app */ = {isa = PBXFileReference; explicitFileType = wrapper.application; includeInIndex = 0; path = FyntrixAI.app; sourceTree = BUILT_PRODUCTS_DIR; };

		C24F17A5F38BF64FB12BDE96 /* FyntrixAI */ = {
			isa = PBXGroup;
			children = (
				BBE0885BA17B68F138F2648E /* App.swift */,
				4B5A14B3E1C41323649B1211 /* ContentView.swift */,
				63DD58322BDBE0A4EBAA30DF /* Info.plist */,
			);
			sourceTree = "<group>";
		};
		7C6869234C83BDB42672CF7B /* Models */ = {
			isa = PBXGroup;
			children = (
				B818985A121310E045C1B704 /* ChatModels.swift */,
			);
			path = "Models";
			sourceTree = "<group>";
		};
		E76BC5AEFAAD7D73F3F1CBE4 /* Services */ = {
			isa = PBXGroup;
			children = (
				9FD03A7D1EFD45BCEAAC4997 /* APIService.swift */,
				D9F09B5B07BFF4C4DF136686 /* StorageService.swift */,
			);
			path = "Services";
			sourceTree = "<group>";
		};
		6624D756DBBACCE8713403F5 /* ViewModels */ = {
			isa = PBXGroup;
			children = (
				CC6EB03BC552F543820AD087 /* ChatViewModel.swift */,
			);
			path = "ViewModels";
			sourceTree = "<group>";
		};
		B1127B59BAC811D10949F925 /* Views */ = {
			isa = PBXGroup;
			children = (
				2C4E6A9615CA7BEA1DFAA9A6 /* ChatBubbleView.swift */,
				ECB0805BA7ABB0AAB31E33C4 /* ChatView.swift */,
				B3E07238EA1A4FB61589CFB1 /* ConversationListView.swift */,
				3D3248A337EF029D9E647627 /* MessageInputView.swift */,
				A71722E1131260C2E211970A /* SettingsView.swift */,
				51DD98FFDB0C73B2B9D4B030 /* WelcomeView.swift */,
			);
			path = "Views";
			sourceTree = "<group>";
		};

/* Begin PBXGroup section */
		2B731CEFC6751AAE0EC69B98 = {
			isa = PBXGroup;
			children = (
				C24F17A5F38BF64FB12BDE96 /* FyntrixAI */,
				7C6869234C83BDB42672CF7B /* Models */,
				E76BC5AEFAAD7D73F3F1CBE4 /* Services */,
				6624D756DBBACCE8713403F5 /* ViewModels */,
				B1127B59BAC811D10949F925 /* Views */,
				F5BF48AA40CAD7891EB709FC /* FyntrixAI.app */,
			);
			path = "FyntrixAI";
			sourceTree = "<group>";
		};
/* End PBXGroup section */
/* Begin PBXNativeTarget section */
		42AEFBAE01D2DFD981F7DA7D /* FyntrixAI */ = {
			isa = PBXNativeTarget;
			buildConfigurationList = DB9832DA6294341A73224777;
			buildPhases = (
				F2AB5FB218DA8B84623F4557 /* Sources */,
			);
			buildRules = ();
			dependencies = ();
			name = FyntrixAI;
			productName = FyntrixAI;
			productReference = F5BF48AA40CAD7891EB709FC;
			productType = "com.apple.product-type.application";
		};
/* End PBXNativeTarget section */
/* Begin PBXProject section */
		46F86FAA6BBF9AC94A7E4595 /* Project object */ = {
			isa = PBXProject;
			attributes = {
				BuildIndependentTargetsInParallel = 1;
				LastSwiftUpdateCheck = 1500;
				LastUpgradeCheck = 1500;
			};
			buildConfigurationList = 3DC2A95B60D8CD807725F53C;
			compatibilityVersion = "Xcode 14.0";
			developmentRegion = en;
			hasScannedForEncodings = 0;
			knownRegions = (en, Base);
			mainGroup = 2B731CEFC6751AAE0EC69B98;
			productRefGroup = 2B731CEFC6751AAE0EC69B98;
			projectDirPath = "";
			projectRoot = "";
			targets = (42AEFBAE01D2DFD981F7DA7D);
		};
/* End PBXProject section */
/* Begin PBXSourcesBuildPhase section */
		F2AB5FB218DA8B84623F4557 /* Sources */ = {
			isa = PBXSourcesBuildPhase;
			buildActionMask = 2147483647;
			files = (
				95E6AF10BC678B2C9B0AC1B9 /* App.swift */,
				921D8EBB10FD4F5ED4D11203 /* ContentView.swift */,
				5736F4E0AE14AA9B11F0F06B /* Info.plist */,
				3461F225B6FB21B0BA8051B6 /* ChatModels.swift */,
				4299BF0D2824A42A2EED1F9D /* APIService.swift */,
				8F8348CC8C19494441625DA4 /* StorageService.swift */,
				452BFCD3247E79330C6D0E88 /* ChatViewModel.swift */,
				D249B8E8D23BF9C65AD67086 /* ChatBubbleView.swift */,
				3E1109DAA4A8A6E3413E24CB /* ChatView.swift */,
				2C00D4F043E6CD02478F872C /* ConversationListView.swift */,
				F0116015AC60901CEB1B7A48 /* MessageInputView.swift */,
				7601F41E07C53712E6698400 /* SettingsView.swift */,
			);
			runOnlyForDeploymentPostprocessing = 0;
		};
/* End PBXSourcesBuildPhase section */
/* Begin XCBuildConfiguration section */
		FA0D4F710E8598A29955D319 /* Debug */ = {
			isa = XCBuildConfiguration;
			buildSettings = {
				CODE_SIGN_STYLE = Automatic;
				CURRENT_PROJECT_VERSION = 1;
				GENERATE_INFOPLIST_FILE = YES;
				INFOPLIST_FILE = FyntrixAI/Info.plist;
				INFOPLIST_KEY_UIApplicationSupportsIndirectInputEvents = YES;
				INFOPLIST_KEY_UILaunchScreen_Generation = YES;
				INFOPLIST_KEY_UISupportedInterfaceOrientations = UIInterfaceOrientationPortrait;
				LD_RUNPATH_SEARCH_PATHS = ("$(inherited)", "@executable_path/Frameworks");
				MARKETING_VERSION = 1.0.0;
				PRODUCT_BUNDLE_IDENTIFIER = com.fyntrix.ai;
				PRODUCT_NAME = "$(TARGET_NAME)";
				SWIFT_VERSION = 5.0;
				TARGETED_DEVICE_FAMILY = 1;
			};
			name = Debug;
		};
		2DBAB53D84CBE43A31E82A00 /* Release */ = {
			isa = XCBuildConfiguration;
			buildSettings = {
				CODE_SIGN_STYLE = Automatic;
				CURRENT_PROJECT_VERSION = 1;
				GENERATE_INFOPLIST_FILE = YES;
				INFOPLIST_FILE = FyntrixAI/Info.plist;
				INFOPLIST_KEY_UIApplicationSupportsIndirectInputEvents = YES;
				INFOPLIST_KEY_UILaunchScreen_Generation = YES;
				INFOPLIST_KEY_UISupportedInterfaceOrientations = UIInterfaceOrientationPortrait;
				LD_RUNPATH_SEARCH_PATHS = ("$(inherited)", "@executable_path/Frameworks");
				MARKETING_VERSION = 1.0.0;
				PRODUCT_BUNDLE_IDENTIFIER = com.fyntrix.ai;
				PRODUCT_NAME = "$(TARGET_NAME)";
				SWIFT_VERSION = 5.0;
				TARGETED_DEVICE_FAMILY = 1;
			};
			name = Release;
		};
/* End XCBuildConfiguration section */
/* Begin XCConfigurationList section */
		DB9832DA6294341A73224777 = {
			isa = XCConfigurationList;
			buildConfigurations = (FA0D4F710E8598A29955D319, 2DBAB53D84CBE43A31E82A00);
			defaultConfigurationIsVisible = 0;
			defaultConfigurationName = Release;
		};
		3DC2A95B60D8CD807725F53C = {
			isa = XCConfigurationList;
			buildConfigurations = (FA0D4F710E8598A29955D319, 2DBAB53D84CBE43A31E82A00);
			defaultConfigurationIsVisible = 0;
			defaultConfigurationName = Release;
		};
/* End XCConfigurationList section */
	};
	rootObject = 46F86FAA6BBF9AC94A7E4595;
}
